
Microsoft Visual Studio Solution File, Format Version 12.00
# Visual Studio Version 16
VisualStudioVersion = 16.0.29215.179
MinimumVisualStudioVersion = 10.0.40219.1
Project("{FAE04EC0-301F-11D3-BF4B-00C04F79EFBC}") = "EmployeeProjectManagement", "WebApplication1\EmployeeProjectManagement.csproj", "{C9D00350-9963-42E9-98B8-C68239482010}"
EndProject
Global
	GlobalSection(SolutionConfigurationPlatforms) = preSolution
		Debug|Any CPU = Debug|Any CPU
		Release|Any CPU = Release|Any CPU
	EndGlobalSection
	GlobalSection(ProjectConfigurationPlatforms) = postSolution
		{C9D00350-9963-42E9-98B8-C68239482010}.Debug|Any CPU.ActiveCfg = Debug|Any CPU
		{C9D00350-9963-42E9-98B8-C68239482010}.Debug|Any CPU.Build.0 = Debug|Any CPU
		{C9D00350-9963-42E9-98B8-C68239482010}.Release|Any CPU.ActiveCfg = Release|Any CPU
		{C9D00350-9963-42E9-98B8-C68239482010}.Release|Any CPU.Build.0 = Release|Any CPU
	EndGlobalSection
	GlobalSection(SolutionProperties) = preSolution
		HideSolutionNode = FALSE
	EndGlobalSection
	GlobalSection(ExtensibilityGlobals) = postSolution
		SolutionGuid = {C9C2902C-DF92-41F8-BFF9-B18730A4B158}
	EndGlobalSection
EndGlobal
